{
  "version": 4,
  "terraform_version": "0.12.24",
  "serial": 4,
  "lineage": "969b863a-d155-86ec-3a20-9fbc44cd8ffa",
  "outputs": {},
  "resources": [
    {
      "mode": "managed",
      "type": "aws_instance",
      "name": "example",
      "provider": "provider.aws",
      "instances": [
        {
          "schema_version": 1,
          "attributes": {
            "ami": "ami-0dad359ff462124ca",
            "arn": "arn:aws:ec2:eu-west-1:154212224244:instance/i-0a30fceeca6a6adef",
            "associate_public_ip_address": true,
            "availability_zone": "eu-west-1c",
            "cpu_core_count": 1,
            "cpu_threads_per_core": 1,
            "credit_specification": [
              {
                "cpu_credits": "standard"
              }
            ],
            "disable_api_termination": false,
            "ebs_block_device": [],
            "ebs_optimized": false,
            "ephemeral_block_device": [],
            "get_password_data": false,
            "hibernation": false,
            "host_id": null,
            "iam_instance_profile": "",
            "id": "i-0a30fceeca6a6adef",
            "instance_initiated_shutdown_behavior": null,
            "instance_state": "running",
            "instance_type": "t2.micro",
            "ipv6_address_count": 0,
            "ipv6_addresses": [],
            "key_name": "mykey",
            "metadata_options": [
              {
                "http_endpoint": "enabled",
                "http_put_response_hop_limit": 1,
                "http_tokens": "optional"
              }
            ],
            "monitoring": false,
            "network_interface": [],
            "network_interface_id": null,
            "outpost_arn": "",
            "password_data": "",
            "placement_group": "",
            "primary_network_interface_id": "eni-04de7634a49188d6c",
            "private_dns": "ip-172-31-1-222.eu-west-1.compute.internal",
            "private_ip": "172.31.1.222",
            "public_dns": "ec2-34-255-181-13.eu-west-1.compute.amazonaws.com",
            "public_ip": "34.255.181.13",
            "root_block_device": [
              {
                "delete_on_termination": true,
                "device_name": "/dev/sda1",
                "encrypted": false,
                "iops": 100,
                "kms_key_id": "",
                "volume_id": "vol-0da5ef67041f21432",
                "volume_size": 8,
                "volume_type": "gp2"
              }
            ],
            "security_groups": [
              "default"
            ],
            "source_dest_check": true,
            "subnet_id": "subnet-002ac43ed6c414fa3",
            "tags": null,
            "tenancy": "default",
            "timeouts": null,
            "user_data": null,
            "user_data_base64": null,
            "volume_tags": {},
            "vpc_security_group_ids": [
              "sg-07eace02690ce82af"
            ]
          },
          "private": "eyJlMmJmYjczMC1lY2FhLTExZTYtOGY4OC0zNDM2M2JjN2M0YzAiOnsiY3JlYXRlIjo2MDAwMDAwMDAwMDAsImRlbGV0ZSI6MTIwMDAwMDAwMDAwMCwidXBkYXRlIjo2MDAwMDAwMDAwMDB9LCJzY2hlbWFfdmVyc2lvbiI6IjEifQ==",
          "dependencies": [
            "aws_key_pair.mykey"
          ]
        }
      ]
    },
    {
      "mode": "managed",
      "type": "aws_key_pair",
      "name": "mykey",
      "provider": "provider.aws",
      "instances": [
        {
          "schema_version": 1,
          "attributes": {
            "fingerprint": "98:e2:e3:e3:dc:2d:4a:64:05:73:a4:e5:39:de:6a:5b",
            "id": "mykey",
            "key_name": "mykey",
            "key_name_prefix": null,
            "key_pair_id": "key-0089ac0e99ec36d12",
            "public_key": "ssh-rsa AAAAB3NzaC1yc2EAAAADAQABAAABAQDp1SWsCsVUUcLN1v13v3bQrVZeROosZI0HES3JEf8Z1WTM9PEY0qggDbe+YKsiIwMsbiDtxn7YkdEZZVSa16ZTes42KzGfcWOxhxCKLERq8X+Kc0w18/3KwlPBy8iCvUQUZ+ZUQ3EcPSi4kvX503YHbn4JXQrRmjz2tEe1aamxEvjH/jy83XDrc9h4d3zwtoljmi9rAClmGde1prolUS3XM0LaIKUK2I6Tlh4GUxrLFdQudgWlsgvgTLAWum0Jzivqfqym1yqqeTyNLa6rzB0VJ/5O7OP6mGfIL5hAlc5WcV5OMWywZ6JyuVB8J4mJN6qY5ZvB7ECAHidTO4gCPOvL ubuntu@u1",
            "tags": null
          },
          "private": "eyJzY2hlbWFfdmVyc2lvbiI6IjEifQ=="
        }
      ]
    }
  ]
}
